
Microsoft Visual Studio Solution File, Format Version 12.00
# Visual Studio 15
VisualStudioVersion = 15.0.28307.645
MinimumVisualStudioVersion = 10.0.40219.1
Project("{E24C65DC-7377-472B-9ABA-BC803B73C61A}") = "WidgetFrontOffice", "WidgetFrontOffice\", "{DF77F7BC-B073-460E-BDEB-0769597B57B7}"
	ProjectSection(WebsiteProperties) = preProject
		TargetFrameworkMoniker = ".NETFramework,Version%3Dv4.6.1"
		Debug.AspNetCompiler.VirtualPath = "/localhost_54322"
		Debug.AspNetCompiler.PhysicalPath = "WidgetFrontOffice\"
		Debug.AspNetCompiler.TargetPath = "PrecompiledWeb\localhost_54322\"
		Debug.AspNetCompiler.Updateable = "true"
		Debug.AspNetCompiler.ForceOverwrite = "true"
		Debug.AspNetCompiler.FixedNames = "false"
		Debug.AspNetCompiler.Debug = "True"
		Release.AspNetCompiler.VirtualPath = "/localhost_54322"
		Release.AspNetCompiler.PhysicalPath = "WidgetFrontOffice\"
		Release.AspNetCompiler.TargetPath = "PrecompiledWeb\localhost_54322\"
		Release.AspNetCompiler.Updateable = "true"
		Release.AspNetCompiler.ForceOverwrite = "true"
		Release.AspNetCompiler.FixedNames = "false"
		Release.AspNetCompiler.Debug = "False"
		VWDPort = "54322"
		SlnRelativePath = "WidgetFrontOffice\"
		DefaultWebSiteLanguage = "Visual C#"
	EndProjectSection
EndProject
Project("{FAE04EC0-301F-11D3-BF4B-00C04F79EFBC}") = "WidgetClasses", "WidgetClasses\WidgetClasses.csproj", "{8BFFE1B5-3EE3-4C78-9D70-3325D4A96DF3}"
EndProject
Project("{FAE04EC0-301F-11D3-BF4B-00C04F79EFBC}") = "Widget Testing", "Widget Testing\Widget Testing.csproj", "{80A75EF0-D371-450D-A69B-5F8C4AD7A1F3}"
EndProject
Project("{FAE04EC0-301F-11D3-BF4B-00C04F79EFBC}") = "WidgetBackOffice", "WidgetBackOffice\WidgetBackOffice.csproj", "{C7BD73D7-EAFC-4687-A3A9-BFD271334CE8}"
EndProject
Global
	GlobalSection(SolutionConfigurationPlatforms) = preSolution
		Debug|Any CPU = Debug|Any CPU
		Release|Any CPU = Release|Any CPU
	EndGlobalSection
	GlobalSection(ProjectConfigurationPlatforms) = postSolution
		{DF77F7BC-B073-460E-BDEB-0769597B57B7}.Debug|Any CPU.ActiveCfg = Debug|Any CPU
		{DF77F7BC-B073-460E-BDEB-0769597B57B7}.Debug|Any CPU.Build.0 = Debug|Any CPU
		{DF77F7BC-B073-460E-BDEB-0769597B57B7}.Release|Any CPU.ActiveCfg = Debug|Any CPU
		{DF77F7BC-B073-460E-BDEB-0769597B57B7}.Release|Any CPU.Build.0 = Debug|Any CPU
		{8BFFE1B5-3EE3-4C78-9D70-3325D4A96DF3}.Debug|Any CPU.ActiveCfg = Debug|Any CPU
		{8BFFE1B5-3EE3-4C78-9D70-3325D4A96DF3}.Debug|Any CPU.Build.0 = Debug|Any CPU
		{8BFFE1B5-3EE3-4C78-9D70-3325D4A96DF3}.Release|Any CPU.ActiveCfg = Release|Any CPU
		{8BFFE1B5-3EE3-4C78-9D70-3325D4A96DF3}.Release|Any CPU.Build.0 = Release|Any CPU
		{80A75EF0-D371-450D-A69B-5F8C4AD7A1F3}.Debug|Any CPU.ActiveCfg = Debug|Any CPU
		{80A75EF0-D371-450D-A69B-5F8C4AD7A1F3}.Debug|Any CPU.Build.0 = Debug|Any CPU
		{80A75EF0-D371-450D-A69B-5F8C4AD7A1F3}.Release|Any CPU.ActiveCfg = Release|Any CPU
		{80A75EF0-D371-450D-A69B-5F8C4AD7A1F3}.Release|Any CPU.Build.0 = Release|Any CPU
		{C7BD73D7-EAFC-4687-A3A9-BFD271334CE8}.Debug|Any CPU.ActiveCfg = Debug|Any CPU
		{C7BD73D7-EAFC-4687-A3A9-BFD271334CE8}.Debug|Any CPU.Build.0 = Debug|Any CPU
		{C7BD73D7-EAFC-4687-A3A9-BFD271334CE8}.Release|Any CPU.ActiveCfg = Release|Any CPU
		{C7BD73D7-EAFC-4687-A3A9-BFD271334CE8}.Release|Any CPU.Build.0 = Release|Any CPU
	EndGlobalSection
	GlobalSection(SolutionProperties) = preSolution
		HideSolutionNode = FALSE
	EndGlobalSection
	GlobalSection(ExtensibilityGlobals) = postSolution
		SolutionGuid = {547A2641-ECE0-4E57-8888-BD742A1AA3D7}
	EndGlobalSection
EndGlobal
